// !$*UTF8*$!
{
	archiveVersion = 1;
	classes = {
	};
	objectVersion = 50;
	objects = {

/* Begin PBXBuildFile section */
		64020DBB28AAF813003E7436 /* LDD.mm in Sources */ = {isa = PBXBuildFile; fileRef = 64020DB928AAF813003E7436 /* LDD.mm */; };
		640ED2AD29ABBB6D007F3869 /* NormalModeOperations.mm in Sources */ = {isa = PBXBuildFile; fileRef = 640ED2AC29ABBB6D007F3869 /* NormalModeOperations.mm */; };
		641ACC9729C77CA100BE4442 /* IOKit.framework in Frameworks */ = {isa = PBXBuildFile; fileRef = 641ACC9629C77CA000BE4442 /* IOKit.framework */; };
		6423270228ABB7140086C961 /* SFMonoRegular.otf in Resources */ = {isa = PBXBuildFile; fileRef = 6423270128ABB7140086C961 /* SFMonoRegular.otf */; };
		6437177229B682840061D4D0 /* Landing.mm in Sources */ = {isa = PBXBuildFile; fileRef = 6437177129B682840061D4D0 /* Landing.mm */; };
		643799FA29990FA700607ECE /* USBUtils.mm in Sources */ = {isa = PBXBuildFile; fileRef = 643799F929990FA700607ECE /* USBUtils.mm */; };
		6446AFD729BE3DD70003645F /* Entitlements.plist in Resources */ = {isa = PBXBuildFile; fileRef = 6446AFD629BE3DD70003645F /* Entitlements.plist */; };
		64D0FA4A29A4C39B00553AFB /* LiNUZPrefs.plist in Resources */ = {isa = PBXBuildFile; fileRef = 64D0FA4929A4C39B00553AFB /* LiNUZPrefs.plist */; };
		64D0FA4C29A4C3D400553AFB /* PlistModifier.mm in Sources */ = {isa = PBXBuildFile; fileRef = 64D0FA4B29A4C3D400553AFB /* PlistModifier.mm */; };
		64FED8F52995586E00DCA4F3 /* Foundation.framework in Frameworks */ = {isa = PBXBuildFile; fileRef = 64FED8F32995586E00DCA4F3 /* Foundation.framework */; settings = {ATTRIBUTES = (Required, ); }; };
		64FED8F62995586E00DCA4F3 /* CoreFoundation.framework in Frameworks */ = {isa = PBXBuildFile; fileRef = 64FED8F42995586E00DCA4F3 /* CoreFoundation.framework */; settings = {ATTRIBUTES = (Required, ); }; };
		64FED8F8299558D400DCA4F3 /* UIKit.framework in Frameworks */ = {isa = PBXBuildFile; fileRef = 64FED8F7299558D400DCA4F3 /* UIKit.framework */; settings = {ATTRIBUTES = (Required, ); }; };
		69F5F81A29C75F7400D60170 /* libimobiledevice.6.dylib in Frameworks */ = {isa = PBXBuildFile; fileRef = 69F5F81529C75F7200D60170 /* libimobiledevice.6.dylib */; settings = {ATTRIBUTES = (Weak, ); }; };
		69F5F81C29C75F7400D60170 /* libusbmuxd.6.dylib in Frameworks */ = {isa = PBXBuildFile; fileRef = 69F5F81629C75F7300D60170 /* libusbmuxd.6.dylib */; settings = {ATTRIBUTES = (Weak, ); }; };
		69F5F81E29C75F7400D60170 /* libcrypto.1.1.dylib in Frameworks */ = {isa = PBXBuildFile; fileRef = 69F5F81729C75F7300D60170 /* libcrypto.1.1.dylib */; settings = {ATTRIBUTES = (Weak, ); }; };
		69F5F82029C75F7400D60170 /* libirecovery.3.dylib in Frameworks */ = {isa = PBXBuildFile; fileRef = 69F5F81829C75F7300D60170 /* libirecovery.3.dylib */; settings = {ATTRIBUTES = (Weak, ); }; };
		69F5F82229C75F7400D60170 /* libusb-1.0.0.dylib in Frameworks */ = {isa = PBXBuildFile; fileRef = 69F5F81929C75F7400D60170 /* libusb-1.0.0.dylib */; settings = {ATTRIBUTES = (Weak, ); }; };
		A1A306FE28A9A1B300275F72 /* AppDelegate.m in Sources */ = {isa = PBXBuildFile; fileRef = A1A306FD28A9A1B300275F72 /* AppDelegate.m */; };
		A1A3070128A9A1B300275F72 /* LiNUZE_VC.mm in Sources */ = {isa = PBXBuildFile; fileRef = A1A3070028A9A1B300275F72 /* LiNUZE_VC.mm */; };
		A1A3070428A9A1B300275F72 /* Main.storyboard in Resources */ = {isa = PBXBuildFile; fileRef = A1A3070228A9A1B300275F72 /* Main.storyboard */; };
		A1A3070628A9A1B500275F72 /* Assets.xcassets in Resources */ = {isa = PBXBuildFile; fileRef = A1A3070528A9A1B500275F72 /* Assets.xcassets */; };
		A1A3070928A9A1B500275F72 /* LaunchScreen.storyboard in Resources */ = {isa = PBXBuildFile; fileRef = A1A3070728A9A1B500275F72 /* LaunchScreen.storyboard */; };
		A1A3070C28A9A1B500275F72 /* main.m in Sources */ = {isa = PBXBuildFile; fileRef = A1A3070B28A9A1B500275F72 /* main.m */; };
/* End PBXBuildFile section */

/* Begin PBXFileReference section */
		64020DB928AAF813003E7436 /* LDD.mm */ = {isa = PBXFileReference; fileEncoding = 4; lastKnownFileType = sourcecode.cpp.objcpp; path = LDD.mm; sourceTree = "<group>"; };
		64020DBA28AAF813003E7436 /* LDD.h */ = {isa = PBXFileReference; fileEncoding = 4; lastKnownFileType = sourcecode.c.h; path = LDD.h; sourceTree = "<group>"; };
		640ED2AC29ABBB6D007F3869 /* NormalModeOperations.mm */ = {isa = PBXFileReference; lastKnownFileType = sourcecode.cpp.objcpp; path = NormalModeOperations.mm; sourceTree = "<group>"; };
		640ED2AE29ABBB8D007F3869 /* NormalModeOperations.h */ = {isa = PBXFileReference; lastKnownFileType = sourcecode.c.h; path = NormalModeOperations.h; sourceTree = "<group>"; };
		641ACC9629C77CA000BE4442 /* IOKit.framework */ = {isa = PBXFileReference; lastKnownFileType = wrapper.framework; name = IOKit.framework; path = System/Library/Frameworks/IOKit.framework; sourceTree = SDKROOT; };
		6423270128ABB7140086C961 /* SFMonoRegular.otf */ = {isa = PBXFileReference; lastKnownFileType = file; path = SFMonoRegular.otf; sourceTree = "<group>"; };
		6437177129B682840061D4D0 /* Landing.mm */ = {isa = PBXFileReference; lastKnownFileType = sourcecode.cpp.objcpp; path = Landing.mm; sourceTree = "<group>"; };
		6437177329B682910061D4D0 /* Landing.h */ = {isa = PBXFileReference; lastKnownFileType = sourcecode.c.h; path = Landing.h; sourceTree = "<group>"; };
		643799F829990FA700607ECE /* USBUtils.h */ = {isa = PBXFileReference; fileEncoding = 4; lastKnownFileType = sourcecode.c.h; path = USBUtils.h; sourceTree = "<group>"; };
		643799F929990FA700607ECE /* USBUtils.mm */ = {isa = PBXFileReference; fileEncoding = 4; lastKnownFileType = sourcecode.cpp.objcpp; path = USBUtils.mm; sourceTree = "<group>"; };
		6446AFD629BE3DD70003645F /* Entitlements.plist */ = {isa = PBXFileReference; fileEncoding = 4; lastKnownFileType = text.plist.xml; path = Entitlements.plist; sourceTree = "<group>"; };
		64D0FA4929A4C39B00553AFB /* LiNUZPrefs.plist */ = {isa = PBXFileReference; lastKnownFileType = text.plist.xml; path = LiNUZPrefs.plist; sourceTree = "<group>"; };
		64D0FA4B29A4C3D400553AFB /* PlistModifier.mm */ = {isa = PBXFileReference; fileEncoding = 4; lastKnownFileType = sourcecode.cpp.objcpp; path = PlistModifier.mm; sourceTree = "<group>"; };
		64D0FA4D29A4C3E000553AFB /* PlistModifier.h */ = {isa = PBXFileReference; fileEncoding = 4; lastKnownFileType = sourcecode.c.h; path = PlistModifier.h; sourceTree = "<group>"; };
		64F6486B28C51470001CDDF2 /* NSTask.h */ = {isa = PBXFileReference; fileEncoding = 4; lastKnownFileType = sourcecode.c.h; path = NSTask.h; sourceTree = "<group>"; };
		64FED8F32995586E00DCA4F3 /* Foundation.framework */ = {isa = PBXFileReference; lastKnownFileType = wrapper.framework; name = Foundation.framework; path = System/Library/Frameworks/Foundation.framework; sourceTree = SDKROOT; };
		64FED8F42995586E00DCA4F3 /* CoreFoundation.framework */ = {isa = PBXFileReference; lastKnownFileType = wrapper.framework; name = CoreFoundation.framework; path = System/Library/Frameworks/CoreFoundation.framework; sourceTree = SDKROOT; };
		64FED8F7299558D400DCA4F3 /* UIKit.framework */ = {isa = PBXFileReference; lastKnownFileType = wrapper.framework; name = UIKit.framework; path = System/Library/Frameworks/UIKit.framework; sourceTree = SDKROOT; };
		69F5F81529C75F7200D60170 /* libimobiledevice.6.dylib */ = {isa = PBXFileReference; lastKnownFileType = "compiled.mach-o.dylib"; name = libimobiledevice.6.dylib; path = CI_scripts/libs/libimobiledevice.6.dylib; sourceTree = "<group>"; };
		69F5F81629C75F7300D60170 /* libusbmuxd.6.dylib */ = {isa = PBXFileReference; lastKnownFileType = "compiled.mach-o.dylib"; name = libusbmuxd.6.dylib; path = CI_scripts/libs/libusbmuxd.6.dylib; sourceTree = "<group>"; };
		69F5F81729C75F7300D60170 /* libcrypto.1.1.dylib */ = {isa = PBXFileReference; lastKnownFileType = "compiled.mach-o.dylib"; name = libcrypto.1.1.dylib; path = CI_scripts/libs/libcrypto.1.1.dylib; sourceTree = "<group>"; };
		69F5F81829C75F7300D60170 /* libirecovery.3.dylib */ = {isa = PBXFileReference; lastKnownFileType = "compiled.mach-o.dylib"; name = libirecovery.3.dylib; path = CI_scripts/libs/libirecovery.3.dylib; sourceTree = "<group>"; };
		69F5F81929C75F7400D60170 /* libusb-1.0.0.dylib */ = {isa = PBXFileReference; lastKnownFileType = "compiled.mach-o.dylib"; name = "libusb-1.0.0.dylib"; path = "CI_scripts/libs/libusb-1.0.0.dylib"; sourceTree = "<group>"; };
		A1A306F928A9A1B300275F72 /* LiNUZE.app */ = {isa = PBXFileReference; explicitFileType = wrapper.application; includeInIndex = 0; path = LiNUZE.app; sourceTree = BUILT_PRODUCTS_DIR; };
		A1A306FC28A9A1B300275F72 /* AppDelegate.h */ = {isa = PBXFileReference; lastKnownFileType = sourcecode.c.h; path = AppDelegate.h; sourceTree = "<group>"; };
		A1A306FD28A9A1B300275F72 /* AppDelegate.m */ = {isa = PBXFileReference; lastKnownFileType = sourcecode.c.objc; path = AppDelegate.m; sourceTree = "<group>"; };
		A1A306FF28A9A1B300275F72 /* LiNUZE_VC.h */ = {isa = PBXFileReference; lastKnownFileType = sourcecode.c.h; path = LiNUZE_VC.h; sourceTree = "<group>"; };
		A1A3070028A9A1B300275F72 /* LiNUZE_VC.mm */ = {isa = PBXFileReference; lastKnownFileType = sourcecode.cpp.objcpp; path = LiNUZE_VC.mm; sourceTree = "<group>"; };
		A1A3070328A9A1B300275F72 /* Base */ = {isa = PBXFileReference; lastKnownFileType = file.storyboard; name = Base; path = Base.lproj/Main.storyboard; sourceTree = "<group>"; };
		A1A3070528A9A1B500275F72 /* Assets.xcassets */ = {isa = PBXFileReference; lastKnownFileType = folder.assetcatalog; path = Assets.xcassets; sourceTree = "<group>"; };
		A1A3070828A9A1B500275F72 /* Base */ = {isa = PBXFileReference; lastKnownFileType = file.storyboard; name = Base; path = Base.lproj/LaunchScreen.storyboard; sourceTree = "<group>"; };
		A1A3070A28A9A1B500275F72 /* Info.plist */ = {isa = PBXFileReference; lastKnownFileType = text.plist.xml; path = Info.plist; sourceTree = "<group>"; };
		A1A3070B28A9A1B500275F72 /* main.m */ = {isa = PBXFileReference; lastKnownFileType = sourcecode.c.objc; path = main.m; sourceTree = "<group>"; };
/* End PBXFileReference section */

/* Begin PBXFrameworksBuildPhase section */
		A1A306F628A9A1B300275F72 /* Frameworks */ = {
			isa = PBXFrameworksBuildPhase;
			buildActionMask = 2147483647;
			files = (
				64FED8F8299558D400DCA4F3 /* UIKit.framework in Frameworks */,
				64FED8F62995586E00DCA4F3 /* CoreFoundation.framework in Frameworks */,
				69F5F81A29C75F7400D60170 /* libimobiledevice.6.dylib in Frameworks */,
				64FED8F52995586E00DCA4F3 /* Foundation.framework in Frameworks */,
				69F5F81C29C75F7400D60170 /* libusbmuxd.6.dylib in Frameworks */,
				69F5F81E29C75F7400D60170 /* libcrypto.1.1.dylib in Frameworks */,
				69F5F82029C75F7400D60170 /* libirecovery.3.dylib in Frameworks */,
				69F5F82229C75F7400D60170 /* libusb-1.0.0.dylib in Frameworks */,
				641ACC9729C77CA100BE4442 /* IOKit.framework in Frameworks */,
			);
			runOnlyForDeploymentPostprocessing = 0;
		};
/* End PBXFrameworksBuildPhase section */

/* Begin PBXGroup section */
		64020DA628AAF6EB003E7436 /* Frameworks */ = {
			isa = PBXGroup;
			children = (
				641ACC9629C77CA000BE4442 /* IOKit.framework */,
				69F5F81729C75F7300D60170 /* libcrypto.1.1.dylib */,
				69F5F81529C75F7200D60170 /* libimobiledevice.6.dylib */,
				69F5F81829C75F7300D60170 /* libirecovery.3.dylib */,
				69F5F81929C75F7400D60170 /* libusb-1.0.0.dylib */,
				69F5F81629C75F7300D60170 /* libusbmuxd.6.dylib */,
				64FED8F7299558D400DCA4F3 /* UIKit.framework */,
				64FED8F42995586E00DCA4F3 /* CoreFoundation.framework */,
				64FED8F32995586E00DCA4F3 /* Foundation.framework */,
			);
			name = Frameworks;
			sourceTree = "<group>";
		};
		A1A306F028A9A1B300275F72 = {
			isa = PBXGroup;
			children = (
				A1A306FB28A9A1B300275F72 /* LiNUZE */,
				A1A306FA28A9A1B300275F72 /* Products */,
				64020DA628AAF6EB003E7436 /* Frameworks */,
			);
			sourceTree = "<group>";
		};
		A1A306FA28A9A1B300275F72 /* Products */ = {
			isa = PBXGroup;
			children = (
				A1A306F928A9A1B300275F72 /* LiNUZE.app */,
			);
			name = Products;
			sourceTree = "<group>";
		};
		A1A306FB28A9A1B300275F72 /* LiNUZE */ = {
			isa = PBXGroup;
			children = (
				6446AFD629BE3DD70003645F /* Entitlements.plist */,
				A1A306FC28A9A1B300275F72 /* AppDelegate.h */,
				A1A306FD28A9A1B300275F72 /* AppDelegate.m */,
				A1A306FF28A9A1B300275F72 /* LiNUZE_VC.h */,
				A1A3070028A9A1B300275F72 /* LiNUZE_VC.mm */,
				A1A3070228A9A1B300275F72 /* Main.storyboard */,
				A1A3070528A9A1B500275F72 /* Assets.xcassets */,
				A1A3070728A9A1B500275F72 /* LaunchScreen.storyboard */,
				A1A3070A28A9A1B500275F72 /* Info.plist */,
				6423270128ABB7140086C961 /* SFMonoRegular.otf */,
				64D0FA4929A4C39B00553AFB /* LiNUZPrefs.plist */,
				A1A3070B28A9A1B500275F72 /* main.m */,
				64020DBA28AAF813003E7436 /* LDD.h */,
				64020DB928AAF813003E7436 /* LDD.mm */,
				6437177329B682910061D4D0 /* Landing.h */,
				6437177129B682840061D4D0 /* Landing.mm */,
				64F6486B28C51470001CDDF2 /* NSTask.h */,
				643799F829990FA700607ECE /* USBUtils.h */,
				643799F929990FA700607ECE /* USBUtils.mm */,
				640ED2AC29ABBB6D007F3869 /* NormalModeOperations.mm */,
				640ED2AE29ABBB8D007F3869 /* NormalModeOperations.h */,
				64D0FA4D29A4C3E000553AFB /* PlistModifier.h */,
				64D0FA4B29A4C3D400553AFB /* PlistModifier.mm */,
			);
			path = LiNUZE;
			sourceTree = "<group>";
		};
/* End PBXGroup section */

/* Begin PBXNativeTarget section */
		A1A306F828A9A1B300275F72 /* LiNUZE */ = {
			isa = PBXNativeTarget;
			buildConfigurationList = A1A3070F28A9A1B500275F72 /* Build configuration list for PBXNativeTarget "LiNUZE" */;
			buildPhases = (
				A1A306F728A9A1B300275F72 /* Resources */,
				A1A306F528A9A1B300275F72 /* Sources */,
				A1A306F628A9A1B300275F72 /* Frameworks */,
				64020DB728AAF6F6003E7436 /* ShellScript */,
			);
			buildRules = (
			);
			dependencies = (
			);
			name = LiNUZE;
			productName = LiNUZE;
			productReference = A1A306F928A9A1B300275F72 /* LiNUZE.app */;
			productType = "com.apple.product-type.application";
		};
/* End PBXNativeTarget section */

/* Begin PBXProject section */
		A1A306F128A9A1B300275F72 /* Project object */ = {
			isa = PBXProject;
			attributes = {
				LastUpgradeCheck = 1010;
				ORGANIZATIONNAME = rA9stuff;
				TargetAttributes = {
					A1A306F828A9A1B300275F72 = {
						CreatedOnToolsVersion = 10.1;
						LastSwiftMigration = 1420;
					};
				};
			};
			buildConfigurationList = A1A306F428A9A1B300275F72 /* Build configuration list for PBXProject "LiNUZE" */;
			compatibilityVersion = "Xcode 9.3";
			developmentRegion = en;
			hasScannedForEncodings = 0;
			knownRegions = (
				en,
				Base,
			);
			mainGroup = A1A306F028A9A1B300275F72;
			productRefGroup = A1A306FA28A9A1B300275F72 /* Products */;
			projectDirPath = "";
			projectRoot = "";
			targets = (
				A1A306F828A9A1B300275F72 /* LiNUZE */,
			);
		};
/* End PBXProject section */

/* Begin PBXResourcesBuildPhase section */
		A1A306F728A9A1B300275F72 /* Resources */ = {
			isa = PBXResourcesBuildPhase;
			buildActionMask = 2147483647;
			files = (
				6446AFD729BE3DD70003645F /* Entitlements.plist in Resources */,
				6423270228ABB7140086C961 /* SFMonoRegular.otf in Resources */,
				A1A3070928A9A1B500275F72 /* LaunchScreen.storyboard in Resources */,
				A1A3070628A9A1B500275F72 /* Assets.xcassets in Resources */,
				A1A3070428A9A1B300275F72 /* Main.storyboard in Resources */,
				64D0FA4A29A4C39B00553AFB /* LiNUZPrefs.plist in Resources */,
			);
			runOnlyForDeploymentPostprocessing = 0;
		};
/* End PBXResourcesBuildPhase section */

/* Begin PBXShellScriptBuildPhase section */
		64020DB728AAF6F6003E7436 /* ShellScript */ = {
			isa = PBXShellScriptBuildPhase;
			buildActionMask = 2147483647;
			files = (
			);
			inputFileListPaths = (
			);
			inputPaths = (
			);
			outputFileListPaths = (
			);
			outputPaths = (
			);
			runOnlyForDeploymentPostprocessing = 0;
			shellPath = /bin/sh;
			shellScript = "set -e\nexecloc=\"${BUILT_PRODUCTS_DIR}/${WRAPPER_NAME}/LiNUZE\"\necho \"${BUILT_PRODUCTS_DIR}/${WRAPPER_NAME}/LiNUZE\"\necho \"${PROJECT_DIR}\"\necho \"${BUILT_PRODUCTS_DIR}/${WRAPPER_NAME}\"\nldid -S\"${PROJECT_DIR}/LiNUZE/Entitlements.plist\" \"${BUILT_PRODUCTS_DIR}/${WRAPPER_NAME}\"\n#ln -s \"${BUILT_PRODUCTS_DIR}/libusbmuxd.6.dylib\" \"${BUILT_PRODUCTS_DIR}/libusbmuxd-2.0.6.dylib\"\n#ln -s \"${BUILT_PRODUCTS_DIR}/libplist.3.dylib\" \"${BUILT_PRODUCTS_DIR}/libplist-2.0.3.dylib\"\n";
		};
/* End PBXShellScriptBuildPhase section */

/* Begin PBXSourcesBuildPhase section */
		A1A306F528A9A1B300275F72 /* Sources */ = {
			isa = PBXSourcesBuildPhase;
			buildActionMask = 2147483647;
			files = (
				A1A3070128A9A1B300275F72 /* LiNUZE_VC.mm in Sources */,
				6437177229B682840061D4D0 /* Landing.mm in Sources */,
				64D0FA4C29A4C3D400553AFB /* PlistModifier.mm in Sources */,
				64020DBB28AAF813003E7436 /* LDD.mm in Sources */,
				643799FA29990FA700607ECE /* USBUtils.mm in Sources */,
				640ED2AD29ABBB6D007F3869 /* NormalModeOperations.mm in Sources */,
				A1A3070C28A9A1B500275F72 /* main.m in Sources */,
				A1A306FE28A9A1B300275F72 /* AppDelegate.m in Sources */,
			);
			runOnlyForDeploymentPostprocessing = 0;
		};
/* End PBXSourcesBuildPhase section */

/* Begin PBXVariantGroup section */
		A1A3070228A9A1B300275F72 /* Main.storyboard */ = {
			isa = PBXVariantGroup;
			children = (
				A1A3070328A9A1B300275F72 /* Base */,
			);
			name = Main.storyboard;
			sourceTree = "<group>";
		};
		A1A3070728A9A1B500275F72 /* LaunchScreen.storyboard */ = {
			isa = PBXVariantGroup;
			children = (
				A1A3070828A9A1B500275F72 /* Base */,
			);
			name = LaunchScreen.storyboard;
			sourceTree = "<group>";
		};
/* End PBXVariantGroup section */

/* Begin XCBuildConfiguration section */
		A1A3070D28A9A1B500275F72 /* Debug */ = {
			isa = XCBuildConfiguration;
			buildSettings = {
				ALWAYS_SEARCH_USER_PATHS = NO;
				CLANG_ANALYZER_NONNULL = YES;
				CLANG_ANALYZER_NUMBER_OBJECT_CONVERSION = YES_AGGRESSIVE;
				CLANG_CXX_LANGUAGE_STANDARD = "gnu++14";
				CLANG_CXX_LIBRARY = "libc++";
				CLANG_ENABLE_MODULES = YES;
				CLANG_ENABLE_OBJC_ARC = YES;
				CLANG_ENABLE_OBJC_WEAK = YES;
				CLANG_WARN_BLOCK_CAPTURE_AUTORELEASING = YES;
				CLANG_WARN_BOOL_CONVERSION = YES;
				CLANG_WARN_COMMA = YES;
				CLANG_WARN_CONSTANT_CONVERSION = YES;
				CLANG_WARN_DEPRECATED_OBJC_IMPLEMENTATIONS = YES;
				CLANG_WARN_DIRECT_OBJC_ISA_USAGE = YES_ERROR;
				CLANG_WARN_DOCUMENTATION_COMMENTS = YES;
				CLANG_WARN_EMPTY_BODY = YES;
				CLANG_WARN_ENUM_CONVERSION = YES;
				CLANG_WARN_INFINITE_RECURSION = YES;
				CLANG_WARN_INT_CONVERSION = YES;
				CLANG_WARN_NON_LITERAL_NULL_CONVERSION = YES;
				CLANG_WARN_OBJC_IMPLICIT_RETAIN_SELF = YES;
				CLANG_WARN_OBJC_LITERAL_CONVERSION = YES;
				CLANG_WARN_OBJC_ROOT_CLASS = YES_ERROR;
				CLANG_WARN_RANGE_LOOP_ANALYSIS = YES;
				CLANG_WARN_STRICT_PROTOTYPES = YES;
				CLANG_WARN_SUSPICIOUS_MOVE = YES;
				CLANG_WARN_UNGUARDED_AVAILABILITY = YES_AGGRESSIVE;
				CLANG_WARN_UNREACHABLE_CODE = YES;
				CLANG_WARN__DUPLICATE_METHOD_MATCH = YES;
				CODE_SIGN_IDENTITY = "iPhone Developer";
				COPY_PHASE_STRIP = NO;
				DEBUG_INFORMATION_FORMAT = dwarf;
				ENABLE_STRICT_OBJC_MSGSEND = YES;
				ENABLE_TESTABILITY = YES;
				GCC_C_LANGUAGE_STANDARD = gnu11;
				GCC_DYNAMIC_NO_PIC = NO;
				GCC_NO_COMMON_BLOCKS = YES;
				GCC_OPTIMIZATION_LEVEL = 0;
				GCC_PREPROCESSOR_DEFINITIONS = (
					"DEBUG=1",
					"$(inherited)",
				);
				GCC_WARN_64_TO_32_BIT_CONVERSION = YES;
				GCC_WARN_ABOUT_RETURN_TYPE = YES_ERROR;
				GCC_WARN_UNDECLARED_SELECTOR = YES;
				GCC_WARN_UNINITIALIZED_AUTOS = YES_AGGRESSIVE;
				GCC_WARN_UNUSED_FUNCTION = YES;
				GCC_WARN_UNUSED_VARIABLE = YES;
				IPHONEOS_DEPLOYMENT_TARGET = 12.1;
				MTL_ENABLE_DEBUG_INFO = INCLUDE_SOURCE;
				MTL_FAST_MATH = YES;
				ONLY_ACTIVE_ARCH = YES;
				SDKROOT = iphoneos;
			};
			name = Debug;
		};
		A1A3070E28A9A1B500275F72 /* Release */ = {
			isa = XCBuildConfiguration;
			buildSettings = {
				ALWAYS_SEARCH_USER_PATHS = NO;
				CLANG_ANALYZER_NONNULL = YES;
				CLANG_ANALYZER_NUMBER_OBJECT_CONVERSION = YES_AGGRESSIVE;
				CLANG_CXX_LANGUAGE_STANDARD = "gnu++14";
				CLANG_CXX_LIBRARY = "libc++";
				CLANG_ENABLE_MODULES = YES;
				CLANG_ENABLE_OBJC_ARC = YES;
				CLANG_ENABLE_OBJC_WEAK = YES;
				CLANG_WARN_BLOCK_CAPTURE_AUTORELEASING = YES;
				CLANG_WARN_BOOL_CONVERSION = YES;
				CLANG_WARN_COMMA = YES;
				CLANG_WARN_CONSTANT_CONVERSION = YES;
				CLANG_WARN_DEPRECATED_OBJC_IMPLEMENTATIONS = YES;
				CLANG_WARN_DIRECT_OBJC_ISA_USAGE = YES_ERROR;
				CLANG_WARN_DOCUMENTATION_COMMENTS = YES;
				CLANG_WARN_EMPTY_BODY = YES;
				CLANG_WARN_ENUM_CONVERSION = YES;
				CLANG_WARN_INFINITE_RECURSION = YES;
				CLANG_WARN_INT_CONVERSION = YES;
				CLANG_WARN_NON_LITERAL_NULL_CONVERSION = YES;
				CLANG_WARN_OBJC_IMPLICIT_RETAIN_SELF = YES;
				CLANG_WARN_OBJC_LITERAL_CONVERSION = YES;
				CLANG_WARN_OBJC_ROOT_CLASS = YES_ERROR;
				CLANG_WARN_RANGE_LOOP_ANALYSIS = YES;
				CLANG_WARN_STRICT_PROTOTYPES = YES;
				CLANG_WARN_SUSPICIOUS_MOVE = YES;
				CLANG_WARN_UNGUARDED_AVAILABILITY = YES_AGGRESSIVE;
				CLANG_WARN_UNREACHABLE_CODE = YES;
				CLANG_WARN__DUPLICATE_METHOD_MATCH = YES;
				CODE_SIGN_IDENTITY = "iPhone Developer";
				COPY_PHASE_STRIP = NO;
				DEBUG_INFORMATION_FORMAT = "dwarf-with-dsym";
				ENABLE_NS_ASSERTIONS = NO;
				ENABLE_STRICT_OBJC_MSGSEND = YES;
				GCC_C_LANGUAGE_STANDARD = gnu11;
				GCC_NO_COMMON_BLOCKS = YES;
				GCC_WARN_64_TO_32_BIT_CONVERSION = YES;
				GCC_WARN_ABOUT_RETURN_TYPE = YES_ERROR;
				GCC_WARN_UNDECLARED_SELECTOR = YES;
				GCC_WARN_UNINITIALIZED_AUTOS = YES_AGGRESSIVE;
				GCC_WARN_UNUSED_FUNCTION = YES;
				GCC_WARN_UNUSED_VARIABLE = YES;
				IPHONEOS_DEPLOYMENT_TARGET = 12.1;
				MTL_ENABLE_DEBUG_INFO = NO;
				MTL_FAST_MATH = YES;
				SDKROOT = iphoneos;
				VALIDATE_PRODUCT = YES;
			};
			name = Release;
		};
		A1A3071028A9A1B500275F72 /* Debug */ = {
			isa = XCBuildConfiguration;
			buildSettings = {
				ALLOW_TARGET_PLATFORM_SPECIALIZATION = YES;
				ASSETCATALOG_COMPILER_APPICON_NAME = AppIcon;
				CLANG_ENABLE_MODULES = YES;
				CLANG_ENABLE_OBJC_ARC = NO;
				CLANG_WARN_UNGUARDED_AVAILABILITY = YES_AGGRESSIVE;
				CODE_SIGN_IDENTITY = "Apple Development";
				CODE_SIGN_STYLE = Manual;
				DEVELOPMENT_TEAM = "";
				EXCLUDED_ARCHS = "";
				FRAMEWORK_SEARCH_PATHS = "";
				GCC_WARN_UNDECLARED_SELECTOR = YES;
				HEADER_SEARCH_PATHS = "";
				INFOPLIST_FILE = LiNUZE/Info.plist;
				INFOPLIST_KEY_CFBundleDisplayName = LiNUZE;
				IPHONEOS_DEPLOYMENT_TARGET = 12.0;
				LD_RUNPATH_SEARCH_PATHS = (
					"$(inherited)",
					"@executable_path/Frameworks",
				);
				LIBRARY_SEARCH_PATHS = (
					"$(HOME)/Desktop/iOS_Libs",
					/usr/local/lib,
					"$(PROJECT_DIR)/CI_scripts/libs",
					"$(HOME)/Downloads",
				);
				MARKETING_VERSION = "developer release";
				ONLY_ACTIVE_ARCH = YES;
				PRODUCT_BUNDLE_IDENTIFIER = rA9stuff.LiNUZE;
				PRODUCT_NAME = "$(TARGET_NAME)";
				PROVISIONING_PROFILE_SPECIFIER = "";
				SUPPORTED_PLATFORMS = "iphonesimulator iphoneos";
				SUPPORTS_MACCATALYST = NO;
				SUPPORTS_MAC_DESIGNED_FOR_IPHONE_IPAD = YES;
				SWIFT_OBJC_BRIDGING_HEADER = "LiNUZE/LiNUZ-Bridging-Header.h";
				SWIFT_OPTIMIZATION_LEVEL = "-Onone";
				SWIFT_VERSION = 5.0;
				SYSTEM_FRAMEWORK_SEARCH_PATHS = "";
				SYSTEM_HEADER_SEARCH_PATHS = (
					/System/Library/Frameworks/CoreFoundation.framework,
					"/usr/local/include/libimobiledevice-glue",
					/Library/Developer/CommandLineTools/SDKs/MacOSX12.3.sdk/System/Library/Frameworks/IOKit.framework/Versions/A/Headers/,
					"$(HOME)/Documents",
					"$(HOME)/limd-build/libirecovery/include",
					"$(PROJECT_DIR)",
					"$(PROJECT_DIR)/LiNUZE",
					"$(PROJECT_DIR)/CI_scripts/headers",
					"$(PROJECT_DIR)/CI_scripts/headers/libplist/include",
					"$(PROJECT_DIR)/CI_scripts/headers/libimobiledevice-glue/include",
					"$(PROJECT_DIR)/CI_scripts/headers/libimobiledevice-glue/src",
					"$(PROJECT_DIR)/CI_scripts/headers/libirecovery/include",
					"$(PROJECT_DIR)/CI_scripts/headers/libimobiledevice/include",
					"/Library/Developer/CommandLineTools/SDKs/MacOSX*.sdk/System/Library/Frameworks/IOKit.framework/Versions/A/Headers",
					"/Library/Developer/CommandLineTools/SDKs/MacOSX*.sdk/System/Library/Frameworks/Kernel.framework/Versions/A/Headers/",
				);
				TARGETED_DEVICE_FAMILY = "1,2";
				USER_HEADER_SEARCH_PATHS = "$(HOME)/Desktop/limd_headers";
				WARNING_CFLAGS = "-Wno-nullability-completeness";
			};
			name = Debug;
		};
		A1A3071128A9A1B500275F72 /* Release */ = {
			isa = XCBuildConfiguration;
			buildSettings = {
				ALLOW_TARGET_PLATFORM_SPECIALIZATION = YES;
				ASSETCATALOG_COMPILER_APPICON_NAME = AppIcon;
				CLANG_ENABLE_MODULES = YES;
				CLANG_ENABLE_OBJC_ARC = NO;
				CLANG_WARN_UNGUARDED_AVAILABILITY = YES_AGGRESSIVE;
				CODE_SIGN_IDENTITY = "Apple Development";
				CODE_SIGN_STYLE = Manual;
				DEVELOPMENT_TEAM = "";
				EXCLUDED_ARCHS = "";
				FRAMEWORK_SEARCH_PATHS = "";
				GCC_WARN_UNDECLARED_SELECTOR = YES;
				HEADER_SEARCH_PATHS = "";
				INFOPLIST_FILE = LiNUZE/Info.plist;
				INFOPLIST_KEY_CFBundleDisplayName = LiNUZE;
				IPHONEOS_DEPLOYMENT_TARGET = 12.0;
				LD_RUNPATH_SEARCH_PATHS = (
					"$(inherited)",
					"@executable_path/Frameworks",
				);
				LIBRARY_SEARCH_PATHS = (
					"$(HOME)/Desktop/iOS_Libs",
					/usr/local/lib,
					"$(PROJECT_DIR)/CI_scripts/libs",
					"$(HOME)/Downloads",
				);
				MARKETING_VERSION = "developer release";
				ONLY_ACTIVE_ARCH = NO;
				PRODUCT_BUNDLE_IDENTIFIER = rA9stuff.LiNUZE;
				PRODUCT_NAME = "$(TARGET_NAME)";
				PROVISIONING_PROFILE_SPECIFIER = "";
				SUPPORTED_PLATFORMS = "iphonesimulator iphoneos";
				SUPPORTS_MACCATALYST = NO;
				SUPPORTS_MAC_DESIGNED_FOR_IPHONE_IPAD = YES;
				SWIFT_OBJC_BRIDGING_HEADER = "LiNUZE/LiNUZ-Bridging-Header.h";
				SWIFT_VERSION = 5.0;
				SYSTEM_FRAMEWORK_SEARCH_PATHS = "";
				SYSTEM_HEADER_SEARCH_PATHS = (
					/System/Library/Frameworks/CoreFoundation.framework,
					"/usr/local/include/libimobiledevice-glue",
					/Library/Developer/CommandLineTools/SDKs/MacOSX12.3.sdk/System/Library/Frameworks/IOKit.framework/Versions/A/Headers/,
					"$(HOME)/Documents",
					"$(HOME)/limd-build/libirecovery/include",
					"$(PROJECT_DIR)/LiNUZE",
					"$(PROJECT_DIR)/CI_scripts/headers",
					"$(PROJECT_DIR)/CI_scripts/headers/libplist/include",
					"$(PROJECT_DIR)/CI_scripts/headers/libimobiledevice-glue/include",
					"$(PROJECT_DIR)/CI_scripts/headers/libimobiledevice-glue/src",
					"$(PROJECT_DIR)/CI_scripts/headers/libirecovery/include",
					"/Library/Developer/CommandLineTools/SDKs/MacOSX*.sdk/System/Library/Frameworks/IOKit.framework/Versions/A/Headers",
					"/Library/Developer/CommandLineTools/SDKs/MacOSX*.sdk/System/Library/Frameworks/Kernel.framework/Versions/A/Headers/",
				);
				TARGETED_DEVICE_FAMILY = "1,2";
				USER_HEADER_SEARCH_PATHS = "$(HOME)/Desktop/limd_headers";
				WARNING_CFLAGS = "-Wno-nullability-completeness";
			};
			name = Release;
		};
/* End XCBuildConfiguration section */

/* Begin XCConfigurationList section */
		A1A306F428A9A1B300275F72 /* Build configuration list for PBXProject "LiNUZE" */ = {
			isa = XCConfigurationList;
			buildConfigurations = (
				A1A3070D28A9A1B500275F72 /* Debug */,
				A1A3070E28A9A1B500275F72 /* Release */,
			);
			defaultConfigurationIsVisible = 0;
			defaultConfigurationName = Release;
		};
		A1A3070F28A9A1B500275F72 /* Build configuration list for PBXNativeTarget "LiNUZE" */ = {
			isa = XCConfigurationList;
			buildConfigurations = (
				A1A3071028A9A1B500275F72 /* Debug */,
				A1A3071128A9A1B500275F72 /* Release */,
			);
			defaultConfigurationIsVisible = 0;
			defaultConfigurationName = Release;
		};
/* End XCConfigurationList section */
	};
	rootObject = A1A306F128A9A1B300275F72 /* Project object */;
}
